
Microsoft Visual Studio Solution File, Format Version 12.00
# Visual Studio Version 16
VisualStudioVersion = 16.0.29709.97
MinimumVisualStudioVersion = 10.0.40219.1
Project("{FAE04EC0-301F-11D3-BF4B-00C04F79EFBC}") = "sandbox", "sandbox.csproj", "{B4C74940-9D1D-495F-9062-18F3D0955E6C}"
EndProject
Global
	GlobalSection(SolutionConfigurationPlatforms) = preSolution
		Debug|Any CPU = Debug|Any CPU
		Release|Any CPU = Release|Any CPU
	EndGlobalSection
	GlobalSection(ProjectConfigurationPlatforms) = postSolution
		{B4C74940-9D1D-495F-9062-18F3D0955E6C}.Debug|Any CPU.ActiveCfg = Debug|Any CPU
		{B4C74940-9D1D-495F-9062-18F3D0955E6C}.Debug|Any CPU.Build.0 = Debug|Any CPU
		{B4C74940-9D1D-495F-9062-18F3D0955E6C}.Release|Any CPU.ActiveCfg = Release|Any CPU
		{B4C74940-9D1D-495F-9062-18F3D0955E6C}.Release|Any CPU.Build.0 = Release|Any CPU
	EndGlobalSection
	GlobalSection(SolutionProperties) = preSolution
		HideSolutionNode = FALSE
	EndGlobalSection
	GlobalSection(ExtensibilityGlobals) = postSolution
		SolutionGuid = {539B4214-30D0-4D15-9B49-83F05BB52373}
	EndGlobalSection
EndGlobal
