
Microsoft Visual Studio Solution File, Format Version 12.00
# Visual Studio Version 16
VisualStudioVersion = 16.0.29709.97
MinimumVisualStudioVersion = 10.0.40219.1
Project("{FAE04EC0-301F-11D3-BF4B-00C04F79EFBC}") = "MyScriptureJournal", "MyScriptureJournal.csproj", "{92E5CC5D-53A8-41D9-8934-20D3B18E0CF7}"
EndProject
Global
	GlobalSection(SolutionConfigurationPlatforms) = preSolution
		Debug|Any CPU = Debug|Any CPU
		Release|Any CPU = Release|Any CPU
	EndGlobalSection
	GlobalSection(ProjectConfigurationPlatforms) = postSolution
		{92E5CC5D-53A8-41D9-8934-20D3B18E0CF7}.Debug|Any CPU.ActiveCfg = Debug|Any CPU
		{92E5CC5D-53A8-41D9-8934-20D3B18E0CF7}.Debug|Any CPU.Build.0 = Debug|Any CPU
		{92E5CC5D-53A8-41D9-8934-20D3B18E0CF7}.Release|Any CPU.ActiveCfg = Release|Any CPU
		{92E5CC5D-53A8-41D9-8934-20D3B18E0CF7}.Release|Any CPU.Build.0 = Release|Any CPU
	EndGlobalSection
	GlobalSection(SolutionProperties) = preSolution
		HideSolutionNode = FALSE
	EndGlobalSection
	GlobalSection(ExtensibilityGlobals) = postSolution
		SolutionGuid = {2C147072-0D52-4767-B65E-BA368CBC1875}
	EndGlobalSection
EndGlobal
